<Solution>
  <Folder Name="/Solution Items/">
    <File Path="docker-compose.override.yml" />
    <File Path="docker-compose.yml" />
    <File Path="Dockerfile" />
    <File Path="README.md" />
  </Folder>
  <Folder Name="/src/">
    <Project Path="src/FacturXValidator.Tests/FacturXValidator.Tests.csproj" />
  </Folder>
  <Project Path="src/FacturXValidator/FacturXValidator.csproj" />
</Solution>
